dependencies:
- name: ai-service
  repository: file://charts/ai-service
  version: 0.1.0
- name: auth-service
  repository: file://charts/auth-service
  version: 0.1.0
- name: inventory-service
  repository: file://charts/inventory-service
  version: 0.1.0
- name: notification-service
  repository: file://charts/notification-service
  version: 0.1.0
- name: order-service
  repository: file://charts/order-service
  version: 0.1.0
- name: payment-service
  repository: file://charts/payment-service
  version: 0.1.0
- name: search-service
  repository: file://charts/search-service
  version: 0.1.0
- name: postgres
  repository: file://charts/postgres
  version: 0.1.0
- name: redis
  repository: oci://registry-1.docker.io/bitnamicharts
  version: 18.19.4
- name: kafka
  repository: oci://registry-1.docker.io/bitnamicharts
  version: 26.11.4
digest: sha256:fdf9119055ea3bd0907de66bd55b50fb2cbae85f12a9c441bbdbba7a7fe4ec3c
generated: "2026-10-03T06:16:44.5406631-07:00"
